
Microsoft Visual Studio Solution File, Format Version 12.00
# Visual Studio Version 16
VisualStudioVersion = 16.0.30413.136
MinimumVisualStudioVersion = 10.0.40219.1
Project("{9A19103F-16F7-4668-BE54-9A1E7A4F7556}") = "Api", "src\Api\Api.csproj", "{F1AE13BA-8BE8-47BD-A026-8F1A022C486B}"
EndProject
Project("{9A19103F-16F7-4668-BE54-9A1E7A4F7556}") = "Domain", "src\Domain\Domain.csproj", "{98A8E285-05D2-4D8F-9369-C3626DF39C1E}"
EndProject
Project("{9A19103F-16F7-4668-BE54-9A1E7A4F7556}") = "Application", "src\Application\Application.csproj", "{7822DC0A-5CBA-4F7B-98B3-DE604E695096}"
EndProject
Project("{9A19103F-16F7-4668-BE54-9A1E7A4F7556}") = "Infrastructure", "src\Infrastructure\Infrastructure.csproj", "{B620973D-E590-4CC6-B7F3-FBB2E32457A9}"
EndProject
Project("{2150E333-8FDC-42A3-9474-1A3956D46DE8}") = "0-Presentation", "0-Presentation", "{EFB2790D-4D50-4A58-BB02-E744B5E1E7AC}"
EndProject
Project("{2150E333-8FDC-42A3-9474-1A3956D46DE8}") = "1-Infra", "1-Infra", "{1689D7E2-49F4-464C-931C-64690A3A318C}"
EndProject
Project("{2150E333-8FDC-42A3-9474-1A3956D46DE8}") = "2-Application", "2-Application", "{BA870214-24A5-4AB0-BAF7-9BE5858A49BC}"
EndProject
Project("{2150E333-8FDC-42A3-9474-1A3956D46DE8}") = "3-Domain", "3-Domain", "{DF30E8FB-1295-402C-9AC0-04BC0EC27367}"
EndProject
Project("{2150E333-8FDC-42A3-9474-1A3956D46DE8}") = "Project Files", "Project Files", "{70D52C4C-BF3C-449D-AE06-695BDD816780}"
	ProjectSection(SolutionItems) = preProject
		LICENSE = LICENSE
		README.md = README.md
	EndProjectSection
EndProject
Global
	GlobalSection(SolutionConfigurationPlatforms) = preSolution
		Debug|Any CPU = Debug|Any CPU
		Release|Any CPU = Release|Any CPU
	EndGlobalSection
	GlobalSection(ProjectConfigurationPlatforms) = postSolution
		{F1AE13BA-8BE8-47BD-A026-8F1A022C486B}.Debug|Any CPU.ActiveCfg = Debug|Any CPU
		{F1AE13BA-8BE8-47BD-A026-8F1A022C486B}.Debug|Any CPU.Build.0 = Debug|Any CPU
		{F1AE13BA-8BE8-47BD-A026-8F1A022C486B}.Release|Any CPU.ActiveCfg = Release|Any CPU
		{F1AE13BA-8BE8-47BD-A026-8F1A022C486B}.Release|Any CPU.Build.0 = Release|Any CPU
		{98A8E285-05D2-4D8F-9369-C3626DF39C1E}.Debug|Any CPU.ActiveCfg = Debug|Any CPU
		{98A8E285-05D2-4D8F-9369-C3626DF39C1E}.Debug|Any CPU.Build.0 = Debug|Any CPU
		{98A8E285-05D2-4D8F-9369-C3626DF39C1E}.Release|Any CPU.ActiveCfg = Release|Any CPU
		{98A8E285-05D2-4D8F-9369-C3626DF39C1E}.Release|Any CPU.Build.0 = Release|Any CPU
		{7822DC0A-5CBA-4F7B-98B3-DE604E695096}.Debug|Any CPU.ActiveCfg = Debug|Any CPU
		{7822DC0A-5CBA-4F7B-98B3-DE604E695096}.Debug|Any CPU.Build.0 = Debug|Any CPU
		{7822DC0A-5CBA-4F7B-98B3-DE604E695096}.Release|Any CPU.ActiveCfg = Release|Any CPU
		{7822DC0A-5CBA-4F7B-98B3-DE604E695096}.Release|Any CPU.Build.0 = Release|Any CPU
		{B620973D-E590-4CC6-B7F3-FBB2E32457A9}.Debug|Any CPU.ActiveCfg = Debug|Any CPU
		{B620973D-E590-4CC6-B7F3-FBB2E32457A9}.Debug|Any CPU.Build.0 = Debug|Any CPU
		{B620973D-E590-4CC6-B7F3-FBB2E32457A9}.Release|Any CPU.ActiveCfg = Release|Any CPU
		{B620973D-E590-4CC6-B7F3-FBB2E32457A9}.Release|Any CPU.Build.0 = Release|Any CPU
	EndGlobalSection
	GlobalSection(SolutionProperties) = preSolution
		HideSolutionNode = FALSE
	EndGlobalSection
	GlobalSection(NestedProjects) = preSolution
		{F1AE13BA-8BE8-47BD-A026-8F1A022C486B} = {EFB2790D-4D50-4A58-BB02-E744B5E1E7AC}
		{98A8E285-05D2-4D8F-9369-C3626DF39C1E} = {DF30E8FB-1295-402C-9AC0-04BC0EC27367}
		{7822DC0A-5CBA-4F7B-98B3-DE604E695096} = {BA870214-24A5-4AB0-BAF7-9BE5858A49BC}
		{B620973D-E590-4CC6-B7F3-FBB2E32457A9} = {1689D7E2-49F4-464C-931C-64690A3A318C}
	EndGlobalSection
	GlobalSection(ExtensibilityGlobals) = postSolution
		SolutionGuid = {612F1F44-08EA-4982-AC4F-DE879584342A}
	EndGlobalSection
EndGlobal
